{
  "version": 4,
  "terraform_version": "1.5.1",
  "serial": 26,
  "lineage": "b1262aac-d82c-e1f3-0036-470a30d2cd13",
  "outputs": {},
  "resources": [
    {
      "mode": "data",
      "type": "aws_eks_cluster",
      "name": "cluster",
      "provider": "provider[\"registry.terraform.io/hashicorp/aws\"]",
      "instances": [
        {
          "schema_version": 0,
          "attributes": {
            "arn": "arn:aws:eks:ap-south-1:729499337942:cluster/assignment-eks-YjMRKCAy",
            "certificate_authority": [
              {
                "data": "LS0tLS1CRUdJTiBDRVJUSUZJQ0FURS0tLS0tCk1JSUMvakNDQWVhZ0F3SUJBZ0lCQURBTkJna3Foa2lHOXcwQkFRc0ZBREFWTVJNd0VRWURWUVFERXdwcmRXSmwKY201bGRHVnpNQjRYRFRJek1EWXlNekEyTkRBeU4xb1hEVE16TURZeU1EQTJOREF5TjFvd0ZURVRNQkVHQTFVRQpBeE1LYTNWaVpYSnVaWFJsY3pDQ0FTSXdEUVlKS29aSWh2Y05BUUVCQlFBRGdnRVBBRENDQVFvQ2dnRUJBSlNOCmFzcEtLcVNOZnlYa3Ntc1VVaXA3d29CeHQ0QzVQb2Y5d29lNXhmb2RjNFp2TEdoS09YRmUxVjBweWU4TFlLQWEKa3FkTE9hUGVEaDVpV0NPRXFDTXJ4bTZUN044VGYzbmxmYUt5M2o1Smlyb0ZjVkVMbm9MNGpzYzBSTm9RM1dSWgpFTU5oWnFmUWZwMHRUTVpPbk4zK2xoNURZQzBidW5MR291bk90ZGE0SlNnSkl2Y3VVTkY1eVlLYzA4WGZxNVRLClh4OHpuZ1I5Z1VaTktSOEJuT29LZ3lhUDA0SDFUTHRXdHNMdXppczh3YWhSOXNMWVd3Z3VvV0Z5L1BNK2wxaDYKZWdNc3M0Vjg5UkpJVWM1elYzeTlSaGNtKzJzRWdpUkdiMk92Ri9kaFZlOXg2bVBkWTg1QTVnUkxjWmdYSy9FYgpkaVJlQm41OFo5ODIxazUrcTdjQ0F3RUFBYU5aTUZjd0RnWURWUjBQQVFIL0JBUURBZ0trTUE4R0ExVWRFd0VCCi93UUZNQU1CQWY4d0hRWURWUjBPQkJZRUZFclZMR1N2Y3ZITE1YbWVXUXdaMTJPNHpjSFFNQlVHQTFVZEVRUU8KTUF5Q0NtdDFZbVZ5Ym1WMFpYTXdEUVlKS29aSWh2Y05BUUVMQlFBRGdnRUJBR3c1TmhsbXJ1OVNCNk5nUUFILwpSUmJ6cmVtb2ZKUGhFc3cvY3ZDVnBseGJlNUxMYm9Jb0VtN01VVHg1a1RZZUVhWEwwREV3dVA1MDM1VU1SYjJLCmhCQlJWUFdRblVVUUFoY1FKdmE1TUQvQVFiTnJpOFJBa3g4UE01SjJkdGV4RllZRytuTFVlaXhLd3BaeEdrRnYKd09JTGV5UHQrQlJlSlBPaUV6alN4YjlYcmhUaXZJRG9nZkdGRkhHcGw4dWsxV3dld3JYSlBFUEZpcTJWb1FHQgpDa0Q1T09HVTZwUis3VGZiRCtWSEpWMEtFVUl5UURybzB2aXZkbW1POG1ITTN4T2JtREwwMndqaGUzQmhFTC80Cm50aUhiQzN4YzRKMTJkODRyM0tyS2o5OEhxS2NYMUlXOW96S2NCRWM5MS9YT2xvUWtzVmZNNldRVzZkMktzdWIKTXJzPQotLS0tLUVORCBDRVJUSUZJQ0FURS0tLS0tCg=="
              }
            ],
            "cluster_id": null,
            "created_at": "2023-06-23 06:35:45.143 +0000 UTC",
            "enabled_cluster_log_types": [
              "api",
              "audit",
              "authenticator"
            ],
            "endpoint": "https://52E49DD21C2208A64CC5C5D1E093009E.gr7.ap-south-1.eks.amazonaws.com",
            "id": "assignment-eks-YjMRKCAy",
            "identity": [
              {
                "oidc": [
                  {
                    "issuer": "https://oidc.eks.ap-south-1.amazonaws.com/id/52E49DD21C2208A64CC5C5D1E093009E"
                  }
                ]
              }
            ],
            "kubernetes_network_config": [
              {
                "ip_family": "ipv4",
                "service_ipv4_cidr": "172.20.0.0/16",
                "service_ipv6_cidr": ""
              }
            ],
            "name": "assignment-eks-YjMRKCAy",
            "outpost_config": [],
            "platform_version": "eks.7",
            "role_arn": "arn:aws:iam::729499337942:role/assignment-eks-YjMRKCAy-cluster-20230623063509270000000002",
            "status": "ACTIVE",
            "tags": {},
            "version": "1.24",
            "vpc_config": [
              {
                "cluster_security_group_id": "sg-02691905ede4f6c97",
                "endpoint_private_access": true,
                "endpoint_public_access": true,
                "public_access_cidrs": [
                  "0.0.0.0/0"
                ],
                "security_group_ids": [
                  "sg-025aa0c4bcdc6ae68"
                ],
                "subnet_ids": [
                  "subnet-02c3af4900af9e443",
                  "subnet-0400d749dd815f494",
                  "subnet-054be0b1e660090cf"
                ],
                "vpc_id": "vpc-047587b4d264163ef"
              }
            ]
          },
          "sensitive_attributes": []
        }
      ]
    },
    {
      "mode": "data",
      "type": "aws_eks_cluster_auth",
      "name": "cluster",
      "provider": "provider[\"registry.terraform.io/hashicorp/aws\"]",
      "instances": [
        {
          "schema_version": 0,
          "attributes": {
            "id": "assignment-eks-YjMRKCAy",
            "name": "assignment-eks-YjMRKCAy",
            "token": "k8s-aws-v1.aHR0cHM6Ly9zdHMuYW1hem9uYXdzLmNvbS8_QWN0aW9uPUdldENhbGxlcklkZW50aXR5JlZlcnNpb249MjAxMS0wNi0xNSZYLUFtei1BbGdvcml0aG09QVdTNC1ITUFDLVNIQTI1NiZYLUFtei1DcmVkZW50aWFsPUFLSUEyVFdNTVFUTEZRUlhHRDRFJTJGMjAyMzA2MjMlMkZ1cy1lYXN0LTElMkZzdHMlMkZhd3M0X3JlcXVlc3QmWC1BbXotRGF0ZT0yMDIzMDYyM1QxNTI1MTVaJlgtQW16LUV4cGlyZXM9MCZYLUFtei1TaWduZWRIZWFkZXJzPWhvc3QlM0J4LWs4cy1hd3MtaWQmWC1BbXotU2lnbmF0dXJlPTljZWZjZDMzNDQzZmE2YjlmYzU3MDFhYWZkNjBkN2ViMDRkMzk1YTcyNjlkMDM1ZjEzZDI1YWEwNmY0MzUwYWY"
          },
          "sensitive_attributes": []
        }
      ]
    },
    {
      "mode": "data",
      "type": "terraform_remote_state",
      "name": "eks",
      "provider": "provider[\"terraform.io/builtin/terraform\"]",
      "instances": [
        {
          "schema_version": 0,
          "attributes": {
            "backend": "local",
            "config": {
              "value": {
                "path": "../../provision-eks-cluster/terraform.tfstate"
              },
              "type": [
                "object",
                {
                  "path": "string"
                }
              ]
            },
            "defaults": null,
            "outputs": {
              "value": {
                "cluster_endpoint": "https://52E49DD21C2208A64CC5C5D1E093009E.gr7.ap-south-1.eks.amazonaws.com",
                "cluster_name": "assignment-eks-YjMRKCAy",
                "cluster_security_group_id": "sg-025aa0c4bcdc6ae68",
                "region": "ap-south-1"
              },
              "type": [
                "object",
                {
                  "cluster_endpoint": "string",
                  "cluster_name": "string",
                  "cluster_security_group_id": "string",
                  "region": "string"
                }
              ]
            },
            "workspace": null
          },
          "sensitive_attributes": []
        }
      ]
    },
    {
      "mode": "managed",
      "type": "helm_release",
      "name": "acceldata_app",
      "provider": "provider[\"registry.terraform.io/hashicorp/helm\"]",
      "instances": [
        {
          "schema_version": 0,
          "attributes": {
            "atomic": false,
            "chart": "../acceldata-helm-chart",
            "cleanup_on_fail": false,
            "create_namespace": true,
            "dependency_update": false,
            "description": null,
            "devel": null,
            "disable_crd_hooks": false,
            "disable_openapi_validation": false,
            "disable_webhooks": false,
            "force_update": false,
            "id": "acceldata-app",
            "keyring": null,
            "lint": false,
            "manifest": null,
            "max_history": 0,
            "metadata": [
              {
                "app_version": "1.16.0",
                "chart": "acceldata-helm-chart",
                "name": "acceldata-app",
                "namespace": "acceldata",
                "revision": 1,
                "values": "{}",
                "version": "0.1.0"
              }
            ],
            "name": "acceldata-app",
            "namespace": "acceldata",
            "pass_credentials": false,
            "postrender": [],
            "recreate_pods": false,
            "render_subchart_notes": true,
            "replace": false,
            "repository": null,
            "repository_ca_file": null,
            "repository_cert_file": null,
            "repository_key_file": null,
            "repository_password": null,
            "repository_username": null,
            "reset_values": false,
            "reuse_values": false,
            "set": [],
            "set_sensitive": [],
            "skip_crds": false,
            "status": "deployed",
            "timeout": 300,
            "values": null,
            "verify": false,
            "version": "0.1.0",
            "wait": true,
            "wait_for_jobs": false
          },
          "sensitive_attributes": [],
          "private": "bnVsbA==",
          "dependencies": [
            "data.aws_eks_cluster.cluster"
          ]
        }
      ]
    }
  ],
  "check_results": null
}
